# This file is automatically @generated by Cargo.
# It is not intended for manual editing.
[[package]]
name = "TicTacToe"
version = "0.1.0"
dependencies = [
 "functions",
]

[[package]]
name = "functions"
version = "0.1.0"
source = "git+https://github.com/WhySyntax/functions#5e864e07d7257469915959bc4bc8ab283ae6002e"
